
Microsoft Visual Studio Solution File, Format Version 12.00
Project("{FAE04EC0-301F-11D3-BF4B-00C04F79EFBC}") = "BscScanner.Extensions.DependencyInjection", "BscScanner.Extensions.DependencyInjection\BscScanner.Extensions.DependencyInjection.csproj", "{C538A0F2-EA6B-4C67-86A8-2829FBE18D4C}"
EndProject
Project("{FAE04EC0-301F-11D3-BF4B-00C04F79EFBC}") = "BscScanner.Extensions.DependencyInjection.Test", "BscScanner.Extensions.DependencyInjection.Test\BscScanner.Extensions.DependencyInjection.Test.csproj", "{F5628A79-7F95-4FF2-BDDB-A6E4E068DB5D}"
EndProject
Global
	GlobalSection(SolutionConfigurationPlatforms) = preSolution
		Debug|Any CPU = Debug|Any CPU
		Release|Any CPU = Release|Any CPU
	EndGlobalSection
	GlobalSection(ProjectConfigurationPlatforms) = postSolution
		{C538A0F2-EA6B-4C67-86A8-2829FBE18D4C}.Debug|Any CPU.ActiveCfg = Debug|Any CPU
		{C538A0F2-EA6B-4C67-86A8-2829FBE18D4C}.Debug|Any CPU.Build.0 = Debug|Any CPU
		{C538A0F2-EA6B-4C67-86A8-2829FBE18D4C}.Release|Any CPU.ActiveCfg = Release|Any CPU
		{C538A0F2-EA6B-4C67-86A8-2829FBE18D4C}.Release|Any CPU.Build.0 = Release|Any CPU
		{F5628A79-7F95-4FF2-BDDB-A6E4E068DB5D}.Debug|Any CPU.ActiveCfg = Debug|Any CPU
		{F5628A79-7F95-4FF2-BDDB-A6E4E068DB5D}.Debug|Any CPU.Build.0 = Debug|Any CPU
		{F5628A79-7F95-4FF2-BDDB-A6E4E068DB5D}.Release|Any CPU.ActiveCfg = Release|Any CPU
		{F5628A79-7F95-4FF2-BDDB-A6E4E068DB5D}.Release|Any CPU.Build.0 = Release|Any CPU
	EndGlobalSection
EndGlobal
